{
    "name": "resizer",
    "requires": true,
    "lockfileVersion": 1,
    "dependencies": {
        "@babel/code-frame": {
            "version": "7.5.5",
            "resolved": "https://registry.npmjs.org/@babel/code-frame/-/code-frame-7.5.5.tgz",
            "integrity": "sha512-27d4lZoomVyo51VegxI20xZPuSHusqbQag/ztrBC7wegWoQ1nLREPVSKSW8byhTlzTKyNE4ifaTA6lCp7JjpFw==",
            "dev": true,
            "requires": {
                "@babel/highlight": "^7.0.0"
            }
        },
        "@babel/highlight": {
            "version": "7.5.0",
            "resolved": "https://registry.npmjs.org/@babel/highlight/-/highlight-7.5.0.tgz",
            "integrity": "sha512-7dV4eu9gBxoM0dAnj/BCFDW9LFU0zvTrkq0ugM7pnHEgguOEeOz1so2ZghEdzviYzQEED0r4EAgpsBChKy1TRQ==",
            "dev": true,
            "requires": {
                "chalk": "^2.0.0",
                "esutils": "^2.0.2",
                "js-tokens": "^4.0.0"
            }
        },
        "@types/estree": {
            "version": "0.0.39",
            "resolved": "https://registry.npmjs.org/@types/estree/-/estree-0.0.39.tgz",
            "integrity": "sha512-EYNwp3bU+98cpU4lAWYYL7Zz+2gryWH1qbdDTidVd6hkiR6weksdbMadyXKXNPEkQFhXM+hVO9ZygomHXp+AIw==",
            "dev": true
        },
        "@types/node": {
            "version": "12.11.1",
            "resolved": "https://registry.npmjs.org/@types/node/-/node-12.11.1.tgz",
            "integrity": "sha512-TJtwsqZ39pqcljJpajeoofYRfeZ7/I/OMUQ5pR4q5wOKf2ocrUvBAZUMhWsOvKx3dVc/aaV5GluBivt0sWqA5A==",
            "dev": true
        },
        "@types/resolve": {
            "version": "0.0.8",
            "resolved": "https://registry.npmjs.org/@types/resolve/-/resolve-0.0.8.tgz",
            "integrity": "sha512-auApPaJf3NPfe18hSoJkp8EbZzer2ISk7o8mCC3M9he/a04+gbMF97NkpD2S8riMGvm4BMRI59/SZQSaLTKpsQ==",
            "dev": true,
            "requires": {
                "@types/node": "*"
            }
        },
        "acorn": {
            "version": "7.1.0",
            "resolved": "https://registry.npmjs.org/acorn/-/acorn-7.1.0.tgz",
            "integrity": "sha512-kL5CuoXA/dgxlBbVrflsflzQ3PAas7RYZB52NOm/6839iVYJgKMJ3cQJD+t2i5+qFa8h3MDpEOJiS64E8JLnSQ==",
            "dev": true
        },
        "acorn-dynamic-import": {
            "version": "4.0.0",
            "resolved": "https://registry.npmjs.org/acorn-dynamic-import/-/acorn-dynamic-import-4.0.0.tgz",
            "integrity": "sha512-d3OEjQV4ROpoflsnUA8HozoIR504TFxNivYEUi6uwz0IYhBkTDXGuWlNdMtybRt3nqVx/L6XqMt0FxkXuWKZhw==",
            "dev": true
        },
        "acorn-jsx": {
            "version": "5.1.0",
            "resolved": "https://registry.npmjs.org/acorn-jsx/-/acorn-jsx-5.1.0.tgz",
            "integrity": "sha512-tMUqwBWfLFbJbizRmEcWSLw6HnFzfdJs2sOJEOwwtVPMoH/0Ay+E703oZz78VSXZiiDcZrQ5XKjPIUQixhmgVw==",
            "dev": true
        },
        "ansi-styles": {
            "version": "3.2.1",
            "resolved": "https://registry.npmjs.org/ansi-styles/-/ansi-styles-3.2.1.tgz",
            "integrity": "sha512-VT0ZI6kZRdTh8YyJw3SMbYm/u+NqfsAxEpWO0Pf9sq8/e94WxxOpPKx9FR1FlyCtOVDNOQ+8ntlqFxiRc+r5qA==",
            "dev": true,
            "requires": {
                "color-convert": "^1.9.0"
            }
        },
        "balanced-match": {
            "version": "1.0.0",
            "resolved": "https://registry.npmjs.org/balanced-match/-/balanced-match-1.0.0.tgz",
            "integrity": "sha1-ibTRmasr7kneFk6gK4nORi1xt2c=",
            "dev": true
        },
        "brace-expansion": {
            "version": "1.1.11",
            "resolved": "https://registry.npmjs.org/brace-expansion/-/brace-expansion-1.1.11.tgz",
            "integrity": "sha512-iCuPHDFgrHX7H2vEI/5xpz07zSHB00TpugqhmYtVmMO6518mCuRMoOYFldEBl0g187ufozdaHgWKcYFb61qGiA==",
            "dev": true,
            "requires": {
                "balanced-match": "^1.0.0",
                "concat-map": "0.0.1"
            }
        },
        "buble": {
            "version": "0.19.8",
            "resolved": "https://registry.npmjs.org/buble/-/buble-0.19.8.tgz",
            "integrity": "sha512-IoGZzrUTY5fKXVkgGHw3QeXFMUNBFv+9l8a4QJKG1JhG3nCMHTdEX1DCOg8568E2Q9qvAQIiSokv6Jsgx8p2cA==",
            "dev": true,
            "requires": {
                "acorn": "^6.1.1",
                "acorn-dynamic-import": "^4.0.0",
                "acorn-jsx": "^5.0.1",
                "chalk": "^2.4.2",
                "magic-string": "^0.25.3",
                "minimist": "^1.2.0",
                "os-homedir": "^2.0.0",
                "regexpu-core": "^4.5.4"
            },
            "dependencies": {
                "acorn": {
                    "version": "6.3.0",
                    "resolved": "https://registry.npmjs.org/acorn/-/acorn-6.3.0.tgz",
                    "integrity": "sha512-/czfa8BwS88b9gWQVhc8eknunSA2DoJpJyTQkhheIf5E48u1N0R4q/YxxsAeqRrmK9TQ/uYfgLDfZo91UlANIA==",
                    "dev": true
                }
            }
        },
        "buffer-from": {
            "version": "1.1.1",
            "resolved": "https://registry.npmjs.org/buffer-from/-/buffer-from-1.1.1.tgz",
            "integrity": "sha512-MQcXEUbCKtEo7bhqEs6560Hyd4XaovZlO/k9V3hjVUF/zwW7KBVdSK4gIt/bzwS9MbR5qob+F5jusZsb0YQK2A==",
            "dev": true
        },
        "builtin-modules": {
            "version": "3.1.0",
            "resolved": "https://registry.npmjs.org/builtin-modules/-/builtin-modules-3.1.0.tgz",
            "integrity": "sha512-k0KL0aWZuBt2lrxrcASWDfwOLMnodeQjodT/1SxEQAXsHANgo6ZC/VEaSEHCXt7aSTZ4/4H5LKa+tBXmW7Vtvw==",
            "dev": true
        },
        "chalk": {
            "version": "2.4.2",
            "resolved": "https://registry.npmjs.org/chalk/-/chalk-2.4.2.tgz",
            "integrity": "sha512-Mti+f9lpJNcwF4tWV8/OrTTtF1gZi+f8FqlyAdouralcFWFQWF2+NgCHShjkCb+IFBLq9buZwE1xckQU4peSuQ==",
            "dev": true,
            "requires": {
                "ansi-styles": "^3.2.1",
                "escape-string-regexp": "^1.0.5",
                "supports-color": "^5.3.0"
            }
        },
        "clorox": {
            "version": "1.0.3",
            "resolved": "https://registry.npmjs.org/clorox/-/clorox-1.0.3.tgz",
            "integrity": "sha512-w3gKAUKMJYmmaJyc+p+iDrDtLvsFasrx/y6/zWo2U1TZfsz3y4Vl4T9PHCZrOwk1eMTOSRI6xHdpDR4PhTdy8Q==",
            "dev": true
        },
        "color-convert": {
            "version": "1.9.3",
            "resolved": "https://registry.npmjs.org/color-convert/-/color-convert-1.9.3.tgz",
            "integrity": "sha512-QfAUtd+vFdAtFQcC8CCyYt1fYWxSqAiK2cSD6zDB8N3cpsEBAvRxp9zOGg6G/SHHJYAT88/az/IuDGALsNVbGg==",
            "dev": true,
            "requires": {
                "color-name": "1.1.3"
            }
        },
        "color-name": {
            "version": "1.1.3",
            "resolved": "https://registry.npmjs.org/color-name/-/color-name-1.1.3.tgz",
            "integrity": "sha1-p9BVi9icQveV3UIyj3QIMcpTvCU=",
            "dev": true
        },
        "commander": {
            "version": "2.20.3",
            "resolved": "https://registry.npmjs.org/commander/-/commander-2.20.3.tgz",
            "integrity": "sha512-GpVkmM8vF2vQUkj2LvZmD35JxeJOLCwJ9cUkugyk2nuhbv3+mJvpLYYt+0+USMxE+oj+ey/lJEnhZw75x/OMcQ==",
            "dev": true
        },
        "concat-map": {
            "version": "0.0.1",
            "resolved": "https://registry.npmjs.org/concat-map/-/concat-map-0.0.1.tgz",
            "integrity": "sha1-2Klr13/Wjfd5OnMDajug1UBdR3s=",
            "dev": true
        },
        "eases-jsnext": {
            "version": "1.0.10",
            "resolved": "https://registry.npmjs.org/eases-jsnext/-/eases-jsnext-1.0.10.tgz",
            "integrity": "sha512-1bO1+FIuqtOZpcyoIJuTnw8PU9X+RHHA248mZ1m+CPiiKFGCiNLWecITlhO4DXe7whZmBoJyfKwUoMW0KK5mNw==",
            "dev": true
        },
        "escape-string-regexp": {
            "version": "1.0.5",
            "resolved": "https://registry.npmjs.org/escape-string-regexp/-/escape-string-regexp-1.0.5.tgz",
            "integrity": "sha1-G2HAViGQqN/2rjuyzwIAyhMLhtQ=",
            "dev": true
        },
        "estree-walker": {
            "version": "0.6.1",
            "resolved": "https://registry.npmjs.org/estree-walker/-/estree-walker-0.6.1.tgz",
            "integrity": "sha512-SqmZANLWS0mnatqbSfRP5g8OXZC12Fgg1IwNtLsyHDzJizORW4khDfjPqJZsemPWBB2uqykUah5YpQ6epsqC/w==",
            "dev": true
        },
        "esutils": {
            "version": "2.0.3",
            "resolved": "https://registry.npmjs.org/esutils/-/esutils-2.0.3.tgz",
            "integrity": "sha512-kVscqXk4OCp68SZ0dkgEKVi6/8ij300KBWTJq32P/dYeWTSwK41WyTxalN1eRmA5Z9UU/LX9D7FWSmV9SAYx6g==",
            "dev": true
        },
        "exec-sh": {
            "version": "0.2.2",
            "resolved": "https://registry.npmjs.org/exec-sh/-/exec-sh-0.2.2.tgz",
            "integrity": "sha512-FIUCJz1RbuS0FKTdaAafAByGS0CPvU3R0MeHxgtl+djzCc//F8HakL8GzmVNZanasTbTAY/3DRFA0KpVqj/eAw==",
            "dev": true,
            "requires": {
                "merge": "^1.2.0"
            }
        },
        "fs.realpath": {
            "version": "1.0.0",
            "resolved": "https://registry.npmjs.org/fs.realpath/-/fs.realpath-1.0.0.tgz",
            "integrity": "sha1-FQStJSMVjKpA20onh8sBQRmU6k8=",
            "dev": true
        },
        "glob": {
            "version": "7.1.4",
            "resolved": "https://registry.npmjs.org/glob/-/glob-7.1.4.tgz",
            "integrity": "sha512-hkLPepehmnKk41pUGm3sYxoFs/umurYfYJCerbXEyFIWcAzvpipAgVkBqqT9RBKMGjnq6kMuyYwha6csxbiM1A==",
            "dev": true,
            "requires": {
                "fs.realpath": "^1.0.0",
                "inflight": "^1.0.4",
                "inherits": "2",
                "minimatch": "^3.0.4",
                "once": "^1.3.0",
                "path-is-absolute": "^1.0.0"
            }
        },
        "has-flag": {
            "version": "3.0.0",
            "resolved": "https://registry.npmjs.org/has-flag/-/has-flag-3.0.0.tgz",
            "integrity": "sha1-tdRU3CGZriJWmfNGfloH87lVuv0=",
            "dev": true
        },
        "inflight": {
            "version": "1.0.6",
            "resolved": "https://registry.npmjs.org/inflight/-/inflight-1.0.6.tgz",
            "integrity": "sha1-Sb1jMdfQLQwJvJEKEHW6gWW1bfk=",
            "dev": true,
            "requires": {
                "once": "^1.3.0",
                "wrappy": "1"
            }
        },
        "inherits": {
            "version": "2.0.4",
            "resolved": "https://registry.npmjs.org/inherits/-/inherits-2.0.4.tgz",
            "integrity": "sha512-k/vGaX4/Yla3WzyMCvTQOXYeIHvqOKtnqBduzTHpzpQZzAskKMhZ2K+EnBiSM9zGSoIFeMpXKxa4dYeZIQqewQ==",
            "dev": true
        },
        "is-module": {
            "version": "1.0.0",
            "resolved": "https://registry.npmjs.org/is-module/-/is-module-1.0.0.tgz",
            "integrity": "sha1-Mlj7afeMFNW4FdZkM2tM/7ZEFZE=",
            "dev": true
        },
        "is-reference": {
            "version": "1.1.4",
            "resolved": "https://registry.npmjs.org/is-reference/-/is-reference-1.1.4.tgz",
            "integrity": "sha512-uJA/CDPO3Tao3GTrxYn6AwkM4nUPJiGGYu5+cB8qbC7WGFlrKZbiRo7SFKxUAEpFUfiHofWCXBUNhvYJMh+6zw==",
            "dev": true,
            "requires": {
                "@types/estree": "0.0.39"
            }
        },
        "jest-worker": {
            "version": "24.9.0",
            "resolved": "https://registry.npmjs.org/jest-worker/-/jest-worker-24.9.0.tgz",
            "integrity": "sha512-51PE4haMSXcHohnSMdM42anbvZANYTqMrr52tVKPqqsPJMzoP6FYYDVqahX/HrAoKEKz3uUPzSvKs9A3qR4iVw==",
            "dev": true,
            "requires": {
                "merge-stream": "^2.0.0",
                "supports-color": "^6.1.0"
            },
            "dependencies": {
                "supports-color": {
                    "version": "6.1.0",
                    "resolved": "https://registry.npmjs.org/supports-color/-/supports-color-6.1.0.tgz",
                    "integrity": "sha512-qe1jfm1Mg7Nq/NSh6XE24gPXROEVsWHxC1LIx//XNlD9iw7YZQGjZNjYN7xGaEG6iKdA8EtNFW6R0gjnVXp+wQ==",
                    "dev": true,
                    "requires": {
                        "has-flag": "^3.0.0"
                    }
                }
            }
        },
        "js-tokens": {
            "version": "4.0.0",
            "resolved": "https://registry.npmjs.org/js-tokens/-/js-tokens-4.0.0.tgz",
            "integrity": "sha512-RdJUflcE3cUzKiMqQgsCu06FPu9UdIJO0beYbPhHN4k6apgJtifcoCtT9bcxOpYBtpD2kCM6Sbzg4CausW/PKQ==",
            "dev": true
        },
        "jsesc": {
            "version": "0.5.0",
            "resolved": "https://registry.npmjs.org/jsesc/-/jsesc-0.5.0.tgz",
            "integrity": "sha1-597mbjXW/Bb3EP6R1c9p9w8IkR0=",
            "dev": true
        },
        "kleur": {
            "version": "2.0.2",
            "resolved": "https://registry.npmjs.org/kleur/-/kleur-2.0.2.tgz",
            "integrity": "sha512-77XF9iTllATmG9lSlIv0qdQ2BQ/h9t0bJllHlbvsQ0zUWfU7Yi0S8L5JXzPZgkefIiajLmBJJ4BsMJmqcf7oxQ==",
            "dev": true
        },
        "magic-string": {
            "version": "0.25.4",
            "resolved": "https://registry.npmjs.org/magic-string/-/magic-string-0.25.4.tgz",
            "integrity": "sha512-oycWO9nEVAP2RVPbIoDoA4Y7LFIJ3xRYov93gAyJhZkET1tNuB0u7uWkZS2LpBWTJUWnmau/To8ECWRC+jKNfw==",
            "dev": true,
            "requires": {
                "sourcemap-codec": "^1.4.4"
            }
        },
        "merge": {
            "version": "1.2.1",
            "resolved": "https://registry.npmjs.org/merge/-/merge-1.2.1.tgz",
            "integrity": "sha512-VjFo4P5Whtj4vsLzsYBu5ayHhoHJ0UqNm7ibvShmbmoz7tGi0vXaoJbGdB+GmDMLUdg8DpQXEIeVDAe8MaABvQ==",
            "dev": true
        },
        "merge-stream": {
            "version": "2.0.0",
            "resolved": "https://registry.npmjs.org/merge-stream/-/merge-stream-2.0.0.tgz",
            "integrity": "sha512-abv/qOcuPfk3URPfDzmZU1LKmuw8kT+0nIHvKrKgFrwifol/doWcdA4ZqsWQ8ENrFKkd67Mfpo/LovbIUsbt3w==",
            "dev": true
        },
        "minimatch": {
            "version": "3.0.4",
            "resolved": "https://registry.npmjs.org/minimatch/-/minimatch-3.0.4.tgz",
            "integrity": "sha512-yJHVQEhyqPLUTgt9B83PXu6W3rx4MvvHvSUvToogpwoGDOUQ+yDrR0HRot+yOCdCO7u4hX3pWft6kWBBcqh0UA==",
            "dev": true,
            "requires": {
                "brace-expansion": "^1.1.7"
            }
        },
        "minimist": {
            "version": "1.2.0",
            "resolved": "https://registry.npmjs.org/minimist/-/minimist-1.2.0.tgz",
            "integrity": "sha1-o1AIsg9BOD7sH7kU9M1d95omQoQ=",
            "dev": true
        },
        "mri": {
            "version": "1.1.4",
            "resolved": "https://registry.npmjs.org/mri/-/mri-1.1.4.tgz",
            "integrity": "sha512-6y7IjGPm8AzlvoUrwAaw1tLnUBudaS3752vcd8JtrpGGQn+rXIe63LFVHm/YMwtqAuh+LJPCFdlLYPWM1nYn6w==",
            "dev": true
        },
        "once": {
            "version": "1.4.0",
            "resolved": "https://registry.npmjs.org/once/-/once-1.4.0.tgz",
            "integrity": "sha1-WDsap3WWHUsROsF9nFC6753Xa9E=",
            "dev": true,
            "requires": {
                "wrappy": "1"
            }
        },
        "os-homedir": {
            "version": "2.0.0",
            "resolved": "https://registry.npmjs.org/os-homedir/-/os-homedir-2.0.0.tgz",
            "integrity": "sha512-saRNz0DSC5C/I++gFIaJTXoFJMRwiP5zHar5vV3xQ2TkgEw6hDCcU5F272JjUylpiVgBrZNQHnfjkLabTfb92Q==",
            "dev": true
        },
        "path-is-absolute": {
            "version": "1.0.1",
            "resolved": "https://registry.npmjs.org/path-is-absolute/-/path-is-absolute-1.0.1.tgz",
            "integrity": "sha1-F0uSaHNVNP+8es5r9TpanhtcX18=",
            "dev": true
        },
        "path-parse": {
            "version": "1.0.6",
            "resolved": "https://registry.npmjs.org/path-parse/-/path-parse-1.0.6.tgz",
            "integrity": "sha512-GSmOT2EbHrINBf9SR7CDELwlJ8AENk3Qn7OikK4nFYAu3Ote2+JYNVvkpAEQm3/TLNEJFD/xZJjzyxg3KBWOzw==",
            "dev": true
        },
        "prompts": {
            "version": "0.1.14",
            "resolved": "https://registry.npmjs.org/prompts/-/prompts-0.1.14.tgz",
            "integrity": "sha512-rxkyiE9YH6zAz/rZpywySLKkpaj0NMVyNw1qhsubdbjjSgcayjTShDreZGlFMcGSu5sab3bAKPfFk78PB90+8w==",
            "dev": true,
            "requires": {
                "kleur": "^2.0.1",
                "sisteransi": "^0.1.1"
            }
        },
        "regenerate": {
            "version": "1.4.0",
            "resolved": "https://registry.npmjs.org/regenerate/-/regenerate-1.4.0.tgz",
            "integrity": "sha512-1G6jJVDWrt0rK99kBjvEtziZNCICAuvIPkSiUFIQxVP06RCVpq3dmDo2oi6ABpYaDYaTRr67BEhL8r1wgEZZKg==",
            "dev": true
        },
        "regenerate-unicode-properties": {
            "version": "8.1.0",
            "resolved": "https://registry.npmjs.org/regenerate-unicode-properties/-/regenerate-unicode-properties-8.1.0.tgz",
            "integrity": "sha512-LGZzkgtLY79GeXLm8Dp0BVLdQlWICzBnJz/ipWUgo59qBaZ+BHtq51P2q1uVZlppMuUAT37SDk39qUbjTWB7bA==",
            "dev": true,
            "requires": {
                "regenerate": "^1.4.0"
            }
        },
        "regexpu-core": {
            "version": "4.6.0",
            "resolved": "https://registry.npmjs.org/regexpu-core/-/regexpu-core-4.6.0.tgz",
            "integrity": "sha512-YlVaefl8P5BnFYOITTNzDvan1ulLOiXJzCNZxduTIosN17b87h3bvG9yHMoHaRuo88H4mQ06Aodj5VtYGGGiTg==",
            "dev": true,
            "requires": {
                "regenerate": "^1.4.0",
                "regenerate-unicode-properties": "^8.1.0",
                "regjsgen": "^0.5.0",
                "regjsparser": "^0.6.0",
                "unicode-match-property-ecmascript": "^1.0.4",
                "unicode-match-property-value-ecmascript": "^1.1.0"
            }
        },
        "regjsgen": {
            "version": "0.5.0",
            "resolved": "https://registry.npmjs.org/regjsgen/-/regjsgen-0.5.0.tgz",
            "integrity": "sha512-RnIrLhrXCX5ow/E5/Mh2O4e/oa1/jW0eaBKTSy3LaCj+M3Bqvm97GWDp2yUtzIs4LEn65zR2yiYGFqb2ApnzDA==",
            "dev": true
        },
        "regjsparser": {
            "version": "0.6.0",
            "resolved": "https://registry.npmjs.org/regjsparser/-/regjsparser-0.6.0.tgz",
            "integrity": "sha512-RQ7YyokLiQBomUJuUG8iGVvkgOLxwyZM8k6d3q5SAXpg4r5TZJZigKFvC6PpD+qQ98bCDC5YelPeA3EucDoNeQ==",
            "dev": true,
            "requires": {
                "jsesc": "~0.5.0"
            }
        },
        "require-relative": {
            "version": "0.8.7",
            "resolved": "https://registry.npmjs.org/require-relative/-/require-relative-0.8.7.tgz",
            "integrity": "sha1-eZlTn8ngR6N5KPoZb44VY9q9Nt4=",
            "dev": true
        },
        "resolve": {
            "version": "1.12.0",
            "resolved": "https://registry.npmjs.org/resolve/-/resolve-1.12.0.tgz",
            "integrity": "sha512-B/dOmuoAik5bKcD6s6nXDCjzUKnaDvdkRyAk6rsmsKLipWj4797iothd7jmmUhWTfinVMU+wc56rYKsit2Qy4w==",
            "dev": true,
            "requires": {
                "path-parse": "^1.0.6"
            }
        },
        "rollup": {
            "version": "1.24.0",
            "resolved": "https://registry.npmjs.org/rollup/-/rollup-1.24.0.tgz",
            "integrity": "sha512-PiFETY/rPwodQ8TTC52Nz2DSCYUATznGh/ChnxActCr8rV5FIk3afBUb3uxNritQW/Jpbdn3kq1Rwh1HHYMwdQ==",
            "dev": true,
            "requires": {
                "@types/estree": "*",
                "@types/node": "*",
                "acorn": "^7.1.0"
            }
        },
        "rollup-plugin-buble": {
            "version": "0.19.8",
            "resolved": "https://registry.npmjs.org/rollup-plugin-buble/-/rollup-plugin-buble-0.19.8.tgz",
            "integrity": "sha512-8J4zPk2DQdk3rxeZvxgzhHh/rm5nJkjwgcsUYisCQg1QbT5yagW+hehYEW7ZNns/NVbDCTv4JQ7h4fC8qKGOKw==",
            "dev": true,
            "requires": {
                "buble": "^0.19.8",
                "rollup-pluginutils": "^2.3.3"
            }
        },
        "rollup-plugin-commonjs": {
            "version": "10.1.0",
            "resolved": "https://registry.npmjs.org/rollup-plugin-commonjs/-/rollup-plugin-commonjs-10.1.0.tgz",
            "integrity": "sha512-jlXbjZSQg8EIeAAvepNwhJj++qJWNJw1Cl0YnOqKtP5Djx+fFGkp3WRh+W0ASCaFG5w1jhmzDxgu3SJuVxPF4Q==",
            "dev": true,
            "requires": {
                "estree-walker": "^0.6.1",
                "is-reference": "^1.1.2",
                "magic-string": "^0.25.2",
                "resolve": "^1.11.0",
                "rollup-pluginutils": "^2.8.1"
            }
        },
        "rollup-plugin-i18n": {
            "version": "0.3.1",
            "resolved": "https://registry.npmjs.org/rollup-plugin-i18n/-/rollup-plugin-i18n-0.3.1.tgz",
            "integrity": "sha512-VHAUnMnNLD2o532DYQFXreCmKCzMzqW9zpvGw6zeyFoUtgf3Pu3dVhLz7EpO+DUGCmYZ6A+SRJVbfNxfVNsAyw==",
            "dev": true,
            "requires": {
                "rollup-pluginutils": "^2.0.1"
            }
        },
        "rollup-plugin-json": {
            "version": "4.0.0",
            "resolved": "https://registry.npmjs.org/rollup-plugin-json/-/rollup-plugin-json-4.0.0.tgz",
            "integrity": "sha512-hgb8N7Cgfw5SZAkb3jf0QXii6QX/FOkiIq2M7BAQIEydjHvTyxXHQiIzZaTFgx1GK0cRCHOCBHIyEkkLdWKxow==",
            "dev": true,
            "requires": {
                "rollup-pluginutils": "^2.5.0"
            }
        },
        "rollup-plugin-node-resolve": {
            "version": "5.2.0",
            "resolved": "https://registry.npmjs.org/rollup-plugin-node-resolve/-/rollup-plugin-node-resolve-5.2.0.tgz",
            "integrity": "sha512-jUlyaDXts7TW2CqQ4GaO5VJ4PwwaV8VUGA7+km3n6k6xtOEacf61u0VXwN80phY/evMcaS+9eIeJ9MOyDxt5Zw==",
            "dev": true,
            "requires": {
                "@types/resolve": "0.0.8",
                "builtin-modules": "^3.1.0",
                "is-module": "^1.0.0",
                "resolve": "^1.11.1",
                "rollup-pluginutils": "^2.8.1"
            }
        },
        "rollup-plugin-svelte": {
            "version": "4.1.0",
            "resolved": "https://registry.npmjs.org/rollup-plugin-svelte/-/rollup-plugin-svelte-4.1.0.tgz",
            "integrity": "sha512-aMSzxt5i6G5IFrNFEa6AmuQqmhcdzmVIQVy1yr3kvLqjLQT5PjiVOmpKPJjNPF5zX82RGe+kjkBXi9KFL2PC/g==",
            "dev": true,
            "requires": {
                "require-relative": "^0.8.7",
                "rollup-pluginutils": "^2.0.1",
                "sourcemap-codec": "^1.3.1"
            }
        },
        "rollup-plugin-terser": {
            "version": "5.1.2",
            "resolved": "https://registry.npmjs.org/rollup-plugin-terser/-/rollup-plugin-terser-5.1.2.tgz",
            "integrity": "sha512-sWKBCOS+vUkRtHtEiJPAf+WnBqk/C402fBD9AVHxSIXMqjsY7MnYWKYEUqGixtr0c8+1DjzUEPlNgOYQPVrS1g==",
            "dev": true,
            "requires": {
                "@babel/code-frame": "^7.0.0",
                "jest-worker": "^24.6.0",
                "rollup-pluginutils": "^2.8.1",
                "serialize-javascript": "^1.7.0",
                "terser": "^4.1.0"
            }
        },
        "rollup-pluginutils": {
            "version": "2.8.2",
            "resolved": "https://registry.npmjs.org/rollup-pluginutils/-/rollup-pluginutils-2.8.2.tgz",
            "integrity": "sha512-EEp9NhnUkwY8aif6bxgovPHMoMoNr2FulJziTndpt5H9RdwC47GSGuII9XxpSdzVGM0GWrNPHV6ie1LTNJPaLQ==",
            "dev": true,
            "requires": {
                "estree-walker": "^0.6.1"
            }
        },
        "sade": {
            "version": "1.6.1",
            "resolved": "https://registry.npmjs.org/sade/-/sade-1.6.1.tgz",
            "integrity": "sha512-USHm9quYNmJwFwhOnEuJohdnBhUOKV1mhL0koHSJMLJaesRX0nuDuzbWmtUBbUmXkwTalLtUBzDlEnU940BiQA==",
            "dev": true,
            "requires": {
                "mri": "^1.1.0"
            }
        },
        "serialize-javascript": {
            "version": "1.9.1",
            "resolved": "https://registry.npmjs.org/serialize-javascript/-/serialize-javascript-1.9.1.tgz",
            "integrity": "sha512-0Vb/54WJ6k5v8sSWN09S0ora+Hnr+cX40r9F170nT+mSkaxltoE/7R3OrIdBSUv1OoiobH1QoWQbCnAO+e8J1A==",
            "dev": true
        },
        "sisteransi": {
            "version": "0.1.1",
            "resolved": "https://registry.npmjs.org/sisteransi/-/sisteransi-0.1.1.tgz",
            "integrity": "sha512-PmGOd02bM9YO5ifxpw36nrNMBTptEtfRl4qUYl9SndkolplkrZZOW7PGHjrZL53QvMVj9nQ+TKqUnRsw4tJa4g==",
            "dev": true
        },
        "source-map": {
            "version": "0.6.1",
            "resolved": "https://registry.npmjs.org/source-map/-/source-map-0.6.1.tgz",
            "integrity": "sha512-UjgapumWlbMhkBgzT7Ykc5YXUT46F0iKu8SGXq0bcwP5dz/h0Plj6enJqjz1Zbq2l5WaqYnrVbwWOWMyF3F47g==",
            "dev": true
        },
        "source-map-support": {
            "version": "0.5.13",
            "resolved": "https://registry.npmjs.org/source-map-support/-/source-map-support-0.5.13.tgz",
            "integrity": "sha512-SHSKFHadjVA5oR4PPqhtAVdcBWwRYVd6g6cAXnIbRiIwc2EhPrTuKUBdSLvlEKyIP3GCf89fltvcZiP9MMFA1w==",
            "dev": true,
            "requires": {
                "buffer-from": "^1.0.0",
                "source-map": "^0.6.0"
            }
        },
        "sourcemap-codec": {
            "version": "1.4.6",
            "resolved": "https://registry.npmjs.org/sourcemap-codec/-/sourcemap-codec-1.4.6.tgz",
            "integrity": "sha512-1ZooVLYFxC448piVLBbtOxFcXwnymH9oUF8nRd3CuYDVvkRBxRl6pB4Mtas5a4drtL+E8LDgFkQNcgIw6tc8Hg==",
            "dev": true
        },
        "supports-color": {
            "version": "5.5.0",
            "resolved": "https://registry.npmjs.org/supports-color/-/supports-color-5.5.0.tgz",
            "integrity": "sha512-QjVjwdXIt408MIiAqCX4oUKsgU2EqAGzs2Ppkm4aQYbjm+ZEWEcW4SfFNTr4uMNZma0ey4f5lgLrkB0aX0QMow==",
            "dev": true,
            "requires": {
                "has-flag": "^3.0.0"
            }
        },
        "svelte": {
            "version": "2.16.1",
            "resolved": "https://registry.npmjs.org/svelte/-/svelte-2.16.1.tgz",
            "integrity": "sha512-TpXdfukSkmWkMnH6PPVm7FRW8SSFcTyqBiP+6VN8rtZJ7Lp1Xbf/e3oz73eQBxF0UPZw1aAn1b91lX2XTeD3zg==",
            "dev": true
        },
        "svelte-extras": {
            "version": "2.0.2",
            "resolved": "https://registry.npmjs.org/svelte-extras/-/svelte-extras-2.0.2.tgz",
            "integrity": "sha512-yoxNehbDxGEHxJBTWq2RpIPDTHlNNy6eGR7RPSK7qsh8hoyOXbji8uF//l4+I/l2fLP+E8pQTJYrduPXrW3wsw==",
            "dev": true
        },
        "svelte-transitions-slide": {
            "version": "1.0.0",
            "resolved": "https://registry.npmjs.org/svelte-transitions-slide/-/svelte-transitions-slide-1.0.0.tgz",
            "integrity": "sha1-FQ3Zy455+p4vJQ4ZjH1plgvyGZQ=",
            "dev": true,
            "requires": {
                "eases-jsnext": "^1.0.9"
            }
        },
        "svelte-upgrade": {
            "version": "1.0.16",
            "resolved": "https://registry.npmjs.org/svelte-upgrade/-/svelte-upgrade-1.0.16.tgz",
            "integrity": "sha512-S0GpfxMVsNgEfkZgSmLvJjtJesTZIZJqCkxqlfdxEG7NtT6lDJuloh34nMcvg6XnCY5aDwGRmphTy+K6x9BThQ==",
            "dev": true,
            "requires": {
                "clorox": "^1.0.3",
                "estree-walker": "^0.5.1",
                "glob": "^7.1.2",
                "magic-string": "^0.24.0",
                "prompts": "^0.1.8",
                "sade": "^1.4.0",
                "svelte": "^1.60.3"
            },
            "dependencies": {
                "estree-walker": {
                    "version": "0.5.2",
                    "resolved": "https://registry.npmjs.org/estree-walker/-/estree-walker-0.5.2.tgz",
                    "integrity": "sha512-XpCnW/AE10ws/kDAs37cngSkvgIR8aN3G0MS85m7dUpuK2EREo9VJ00uvw6Dg/hXEpfsE1I1TvJOJr+Z+TL+ig==",
                    "dev": true
                },
                "magic-string": {
                    "version": "0.24.1",
                    "resolved": "https://registry.npmjs.org/magic-string/-/magic-string-0.24.1.tgz",
                    "integrity": "sha512-YBfNxbJiixMzxW40XqJEIldzHyh5f7CZKalo1uZffevyrPEX8Qgo9s0dmcORLHdV47UyvJg8/zD+6hQG3qvJrA==",
                    "dev": true,
                    "requires": {
                        "sourcemap-codec": "^1.4.1"
                    }
                },
                "svelte": {
                    "version": "1.64.1",
                    "resolved": "https://registry.npmjs.org/svelte/-/svelte-1.64.1.tgz",
                    "integrity": "sha512-RsEAcVYF90Bq5y4Lgg56LyKiuxiyDTU+5TG2GM0ppa50z446de0vQgnA3eQTrgecPdRR89ZIqNqN1cgdAdO7wQ==",
                    "dev": true
                }
            }
        },
        "terser": {
            "version": "4.3.9",
            "resolved": "https://registry.npmjs.org/terser/-/terser-4.3.9.tgz",
            "integrity": "sha512-NFGMpHjlzmyOtPL+fDw3G7+6Ueh/sz4mkaUYa4lJCxOPTNzd0Uj0aZJOmsDYoSQyfuVoWDMSWTPU3huyOm2zdA==",
            "dev": true,
            "requires": {
                "commander": "^2.20.0",
                "source-map": "~0.6.1",
                "source-map-support": "~0.5.12"
            }
        },
        "underscore": {
            "version": "1.9.1",
            "resolved": "https://registry.npmjs.org/underscore/-/underscore-1.9.1.tgz",
            "integrity": "sha512-5/4etnCkd9c8gwgowi5/om/mYO5ajCaOgdzj/oW+0eQV9WxKBDZw5+ycmKmeaTXjInS/W0BzpGLo2xR2aBwZdg==",
            "dev": true
        },
        "underscore-es": {
            "version": "1.9.8",
            "resolved": "https://registry.npmjs.org/underscore-es/-/underscore-es-1.9.8.tgz",
            "integrity": "sha1-pxRXUnSyewsdk94XR6TRU9jeZ3Y=",
            "dev": true
        },
        "unicode-canonical-property-names-ecmascript": {
            "version": "1.0.4",
            "resolved": "https://registry.npmjs.org/unicode-canonical-property-names-ecmascript/-/unicode-canonical-property-names-ecmascript-1.0.4.tgz",
            "integrity": "sha512-jDrNnXWHd4oHiTZnx/ZG7gtUTVp+gCcTTKr8L0HjlwphROEW3+Him+IpvC+xcJEFegapiMZyZe02CyuOnRmbnQ==",
            "dev": true
        },
        "unicode-match-property-ecmascript": {
            "version": "1.0.4",
            "resolved": "https://registry.npmjs.org/unicode-match-property-ecmascript/-/unicode-match-property-ecmascript-1.0.4.tgz",
            "integrity": "sha512-L4Qoh15vTfntsn4P1zqnHulG0LdXgjSO035fEpdtp6YxXhMT51Q6vgM5lYdG/5X3MjS+k/Y9Xw4SFCY9IkR0rg==",
            "dev": true,
            "requires": {
                "unicode-canonical-property-names-ecmascript": "^1.0.4",
                "unicode-property-aliases-ecmascript": "^1.0.4"
            }
        },
        "unicode-match-property-value-ecmascript": {
            "version": "1.1.0",
            "resolved": "https://registry.npmjs.org/unicode-match-property-value-ecmascript/-/unicode-match-property-value-ecmascript-1.1.0.tgz",
            "integrity": "sha512-hDTHvaBk3RmFzvSl0UVrUmC3PuW9wKVnpoUDYH0JDkSIovzw+J5viQmeYHxVSBptubnr7PbH2e0fnpDRQnQl5g==",
            "dev": true
        },
        "unicode-property-aliases-ecmascript": {
            "version": "1.0.5",
            "resolved": "https://registry.npmjs.org/unicode-property-aliases-ecmascript/-/unicode-property-aliases-ecmascript-1.0.5.tgz",
            "integrity": "sha512-L5RAqCfXqAwR3RriF8pM0lU0w4Ryf/GgzONwi6KnL1taJQa7x1TCxdJnILX59WIGOwR57IVxn7Nej0fz1Ny6fw==",
            "dev": true
        },
        "watch": {
            "version": "1.0.2",
            "resolved": "https://registry.npmjs.org/watch/-/watch-1.0.2.tgz",
            "integrity": "sha1-NApxe952Vyb6CqB9ch4BR6VR3ww=",
            "dev": true,
            "requires": {
                "exec-sh": "^0.2.0",
                "minimist": "^1.2.0"
            }
        },
        "wrappy": {
            "version": "1.0.2",
            "resolved": "https://registry.npmjs.org/wrappy/-/wrappy-1.0.2.tgz",
            "integrity": "sha1-tSQ9jz7BqjXxNkYFvA0QNuMKtp8=",
            "dev": true
        }
    }
}
